
Microsoft Visual Studio Solution File, Format Version 12.00
# Visual Studio Version 16
VisualStudioVersion = 16.0.31229.75
MinimumVisualStudioVersion = 10.0.40219.1
Project("{FAE04EC0-301F-11D3-BF4B-00C04F79EFBC}") = "ParseFromRegex", "ParseFromRegex\ParseFromRegex.csproj", "{4DE55377-999A-4778-A3C5-33731C79B04D}"
EndProject
Project("{FAE04EC0-301F-11D3-BF4B-00C04F79EFBC}") = "ParseFromRegex.Tests", "ParseFromRegex.Tests\ParseFromRegex.Tests.csproj", "{FABE462C-1F30-4BE9-8324-74AA7888D53B}"
EndProject
Global
	GlobalSection(SolutionConfigurationPlatforms) = preSolution
		Debug|Any CPU = Debug|Any CPU
		Release|Any CPU = Release|Any CPU
	EndGlobalSection
	GlobalSection(ProjectConfigurationPlatforms) = postSolution
		{4DE55377-999A-4778-A3C5-33731C79B04D}.Debug|Any CPU.ActiveCfg = Debug|Any CPU
		{4DE55377-999A-4778-A3C5-33731C79B04D}.Debug|Any CPU.Build.0 = Debug|Any CPU
		{4DE55377-999A-4778-A3C5-33731C79B04D}.Release|Any CPU.ActiveCfg = Release|Any CPU
		{4DE55377-999A-4778-A3C5-33731C79B04D}.Release|Any CPU.Build.0 = Release|Any CPU
		{FABE462C-1F30-4BE9-8324-74AA7888D53B}.Debug|Any CPU.ActiveCfg = Debug|Any CPU
		{FABE462C-1F30-4BE9-8324-74AA7888D53B}.Debug|Any CPU.Build.0 = Debug|Any CPU
		{FABE462C-1F30-4BE9-8324-74AA7888D53B}.Release|Any CPU.ActiveCfg = Release|Any CPU
		{FABE462C-1F30-4BE9-8324-74AA7888D53B}.Release|Any CPU.Build.0 = Release|Any CPU
	EndGlobalSection
	GlobalSection(SolutionProperties) = preSolution
		HideSolutionNode = FALSE
	EndGlobalSection
	GlobalSection(ExtensibilityGlobals) = postSolution
		SolutionGuid = {D6F543DB-425F-43C8-BEBD-F7604A896946}
	EndGlobalSection
EndGlobal
